
Microsoft Visual Studio Solution File, Format Version 12.00
# Visual Studio Version 16
VisualStudioVersion = 16.0.31702.278
MinimumVisualStudioVersion = 10.0.40219.1
Project("{9A19103F-16F7-4668-BE54-9A1E7A4F7556}") = "BookLibrary", "BookLibrary\BookLibrary.csproj", "{F5FF09C6-6BE4-43E2-AF3D-ABE280060F79}"
EndProject
Project("{FAE04EC0-301F-11D3-BF4B-00C04F79EFBC}") = "Tests", "Tests\Tests.csproj", "{034FE16A-61D9-4BF7-A416-6A951D439028}"
EndProject
Global
	GlobalSection(SolutionConfigurationPlatforms) = preSolution
		Debug|Any CPU = Debug|Any CPU
		Release|Any CPU = Release|Any CPU
	EndGlobalSection
	GlobalSection(ProjectConfigurationPlatforms) = postSolution
		{F5FF09C6-6BE4-43E2-AF3D-ABE280060F79}.Debug|Any CPU.ActiveCfg = Debug|Any CPU
		{F5FF09C6-6BE4-43E2-AF3D-ABE280060F79}.Debug|Any CPU.Build.0 = Debug|Any CPU
		{F5FF09C6-6BE4-43E2-AF3D-ABE280060F79}.Release|Any CPU.ActiveCfg = Release|Any CPU
		{F5FF09C6-6BE4-43E2-AF3D-ABE280060F79}.Release|Any CPU.Build.0 = Release|Any CPU
		{034FE16A-61D9-4BF7-A416-6A951D439028}.Debug|Any CPU.ActiveCfg = Debug|Any CPU
		{034FE16A-61D9-4BF7-A416-6A951D439028}.Debug|Any CPU.Build.0 = Debug|Any CPU
		{034FE16A-61D9-4BF7-A416-6A951D439028}.Release|Any CPU.ActiveCfg = Release|Any CPU
		{034FE16A-61D9-4BF7-A416-6A951D439028}.Release|Any CPU.Build.0 = Release|Any CPU
	EndGlobalSection
	GlobalSection(SolutionProperties) = preSolution
		HideSolutionNode = FALSE
	EndGlobalSection
	GlobalSection(ExtensibilityGlobals) = postSolution
		SolutionGuid = {88F3D1DB-9C70-4246-8239-C3564E1FA8D6}
	EndGlobalSection
EndGlobal
